// !$*UTF8*$!
{
	archiveVersion = 1;
	classes = {
	};
	objectVersion = 46;
	objects = {

/* Begin PBXBuildFile section */
		112F30EA1E75483E00D31EA8 /* AppDelegate.swift in Sources */ = {isa = PBXBuildFile; fileRef = 112F30E91E75483E00D31EA8 /* AppDelegate.swift */; };
		112F30EF1E75483E00D31EA8 /* Main.storyboard in Resources */ = {isa = PBXBuildFile; fileRef = 112F30ED1E75483E00D31EA8 /* Main.storyboard */; };
		112F30F11E75483E00D31EA8 /* Assets.xcassets in Resources */ = {isa = PBXBuildFile; fileRef = 112F30F01E75483E00D31EA8 /* Assets.xcassets */; };
		112F30F41E75483E00D31EA8 /* LaunchScreen.storyboard in Resources */ = {isa = PBXBuildFile; fileRef = 112F30F21E75483E00D31EA8 /* LaunchScreen.storyboard */; };
		112F31061E759E4D00D31EA8 /* AboutUsViewController.swift in Sources */ = {isa = PBXBuildFile; fileRef = 112F31011E759E4D00D31EA8 /* AboutUsViewController.swift */; };
		112F31071E759E4D00D31EA8 /* HomeViewController.swift in Sources */ = {isa = PBXBuildFile; fileRef = 112F31021E759E4D00D31EA8 /* HomeViewController.swift */; };
		112F31081E759E4D00D31EA8 /* FinEduPageViewController.swift in Sources */ = {isa = PBXBuildFile; fileRef = 112F31031E759E4D00D31EA8 /* FinEduPageViewController.swift */; };
		112F31091E759E4D00D31EA8 /* FinEduViewController.swift in Sources */ = {isa = PBXBuildFile; fileRef = 112F31041E759E4D00D31EA8 /* FinEduViewController.swift */; };
		112F310A1E759E4D00D31EA8 /* VideosViewController.swift in Sources */ = {isa = PBXBuildFile; fileRef = 112F31051E759E4D00D31EA8 /* VideosViewController.swift */; };
		11342DCE1EA25E030048A01A /* CommonUtils.swift in Sources */ = {isa = PBXBuildFile; fileRef = 11342DCD1EA25E030048A01A /* CommonUtils.swift */; };
		11342DD11EA2730E0048A01A /* VideoModel.swift in Sources */ = {isa = PBXBuildFile; fileRef = 11342DD01EA2730E0048A01A /* VideoModel.swift */; };
		1136A70D1E78552100B97FE0 /* QuartzCore.framework in Frameworks */ = {isa = PBXBuildFile; fileRef = 1136A70C1E78552100B97FE0 /* QuartzCore.framework */; };
		1159FFB01E7D822A00511F95 /* loading.gif in Resources */ = {isa = PBXBuildFile; fileRef = 1159FFAF1E7D822A00511F95 /* loading.gif */; };
		11662A531E7708AB00440972 /* iOSDevCenters+GIF.swift in Sources */ = {isa = PBXBuildFile; fileRef = 11662A521E7708AB00440972 /* iOSDevCenters+GIF.swift */; };
		7B565EF4A7B96620669F084B /* Pods_finedu.framework in Frameworks */ = {isa = PBXBuildFile; fileRef = F2D230454B328840E819D2C5 /* Pods_finedu.framework */; };
/* End PBXBuildFile section */

/* Begin PBXFileReference section */
		112F30E61E75483E00D31EA8 /* FinEdu by WMI.app */ = {isa = PBXFileReference; explicitFileType = wrapper.application; includeInIndex = 0; path = "FinEdu by WMI.app"; sourceTree = BUILT_PRODUCTS_DIR; };
		112F30E91E75483E00D31EA8 /* AppDelegate.swift */ = {isa = PBXFileReference; lastKnownFileType = sourcecode.swift; path = AppDelegate.swift; sourceTree = "<group>"; };
		112F30EE1E75483E00D31EA8 /* Base */ = {isa = PBXFileReference; lastKnownFileType = file.storyboard; name = Base; path = Base.lproj/Main.storyboard; sourceTree = "<group>"; };
		112F30F01E75483E00D31EA8 /* Assets.xcassets */ = {isa = PBXFileReference; lastKnownFileType = folder.assetcatalog; path = Assets.xcassets; sourceTree = "<group>"; };
		112F30F31E75483E00D31EA8 /* Base */ = {isa = PBXFileReference; lastKnownFileType = file.storyboard; name = Base; path = Base.lproj/LaunchScreen.storyboard; sourceTree = "<group>"; };
		112F30F51E75483E00D31EA8 /* Info.plist */ = {isa = PBXFileReference; lastKnownFileType = text.plist.xml; path = Info.plist; sourceTree = "<group>"; };
		112F31011E759E4D00D31EA8 /* AboutUsViewController.swift */ = {isa = PBXFileReference; fileEncoding = 4; lastKnownFileType = sourcecode.swift; path = AboutUsViewController.swift; sourceTree = "<group>"; };
		112F31021E759E4D00D31EA8 /* HomeViewController.swift */ = {isa = PBXFileReference; fileEncoding = 4; lastKnownFileType = sourcecode.swift; path = HomeViewController.swift; sourceTree = "<group>"; };
		112F31031E759E4D00D31EA8 /* FinEduPageViewController.swift */ = {isa = PBXFileReference; fileEncoding = 4; lastKnownFileType = sourcecode.swift; path = FinEduPageViewController.swift; sourceTree = "<group>"; };
		112F31041E759E4D00D31EA8 /* FinEduViewController.swift */ = {isa = PBXFileReference; fileEncoding = 4; lastKnownFileType = sourcecode.swift; path = FinEduViewController.swift; sourceTree = "<group>"; };
		112F31051E759E4D00D31EA8 /* VideosViewController.swift */ = {isa = PBXFileReference; fileEncoding = 4; lastKnownFileType = sourcecode.swift; path = VideosViewController.swift; sourceTree = "<group>"; };
		11342DCD1EA25E030048A01A /* CommonUtils.swift */ = {isa = PBXFileReference; fileEncoding = 4; lastKnownFileType = sourcecode.swift; path = CommonUtils.swift; sourceTree = "<group>"; };
		11342DD01EA2730E0048A01A /* VideoModel.swift */ = {isa = PBXFileReference; fileEncoding = 4; lastKnownFileType = sourcecode.swift; path = VideoModel.swift; sourceTree = "<group>"; };
		1136A70C1E78552100B97FE0 /* QuartzCore.framework */ = {isa = PBXFileReference; lastKnownFileType = wrapper.framework; name = QuartzCore.framework; path = System/Library/Frameworks/QuartzCore.framework; sourceTree = SDKROOT; };
		1159FFAF1E7D822A00511F95 /* loading.gif */ = {isa = PBXFileReference; lastKnownFileType = image.gif; path = loading.gif; sourceTree = "<group>"; };
		11662A521E7708AB00440972 /* iOSDevCenters+GIF.swift */ = {isa = PBXFileReference; fileEncoding = 4; lastKnownFileType = sourcecode.swift; path = "iOSDevCenters+GIF.swift"; sourceTree = "<group>"; };
		2AA202AD711B06DECD532309 /* Pods-finedu.release.xcconfig */ = {isa = PBXFileReference; includeInIndex = 1; lastKnownFileType = text.xcconfig; name = "Pods-finedu.release.xcconfig"; path = "Pods/Target Support Files/Pods-finedu/Pods-finedu.release.xcconfig"; sourceTree = "<group>"; };
		CCA05514BE01B052F539AB7A /* Pods-finedu.debug.xcconfig */ = {isa = PBXFileReference; includeInIndex = 1; lastKnownFileType = text.xcconfig; name = "Pods-finedu.debug.xcconfig"; path = "Pods/Target Support Files/Pods-finedu/Pods-finedu.debug.xcconfig"; sourceTree = "<group>"; };
		F2D230454B328840E819D2C5 /* Pods_finedu.framework */ = {isa = PBXFileReference; explicitFileType = wrapper.framework; includeInIndex = 0; path = Pods_finedu.framework; sourceTree = BUILT_PRODUCTS_DIR; };
/* End PBXFileReference section */

/* Begin PBXFrameworksBuildPhase section */
		112F30E31E75483E00D31EA8 /* Frameworks */ = {
			isa = PBXFrameworksBuildPhase;
			buildActionMask = 2147483647;
			files = (
				1136A70D1E78552100B97FE0 /* QuartzCore.framework in Frameworks */,
				7B565EF4A7B96620669F084B /* Pods_finedu.framework in Frameworks */,
			);
			runOnlyForDeploymentPostprocessing = 0;
		};
/* End PBXFrameworksBuildPhase section */

/* Begin PBXGroup section */
		112F30DD1E75483E00D31EA8 = {
			isa = PBXGroup;
			children = (
				112F30E81E75483E00D31EA8 /* finedu */,
				112F30E71E75483E00D31EA8 /* Products */,
				1136A70B1E78552100B97FE0 /* Frameworks */,
				A2A1672A892BAA8DEA2B7B0C /* Pods */,
			);
			sourceTree = "<group>";
		};
		112F30E71E75483E00D31EA8 /* Products */ = {
			isa = PBXGroup;
			children = (
				112F30E61E75483E00D31EA8 /* FinEdu by WMI.app */,
			);
			name = Products;
			sourceTree = "<group>";
		};
		112F30E81E75483E00D31EA8 /* finedu */ = {
			isa = PBXGroup;
			children = (
				1159FFAF1E7D822A00511F95 /* loading.gif */,
				11662A521E7708AB00440972 /* iOSDevCenters+GIF.swift */,
				112F31011E759E4D00D31EA8 /* AboutUsViewController.swift */,
				112F31021E759E4D00D31EA8 /* HomeViewController.swift */,
				112F31031E759E4D00D31EA8 /* FinEduPageViewController.swift */,
				112F31041E759E4D00D31EA8 /* FinEduViewController.swift */,
				112F31051E759E4D00D31EA8 /* VideosViewController.swift */,
				112F30E91E75483E00D31EA8 /* AppDelegate.swift */,
				112F30ED1E75483E00D31EA8 /* Main.storyboard */,
				112F30F01E75483E00D31EA8 /* Assets.xcassets */,
				112F30F21E75483E00D31EA8 /* LaunchScreen.storyboard */,
				112F30F51E75483E00D31EA8 /* Info.plist */,
				11342DCD1EA25E030048A01A /* CommonUtils.swift */,
				11342DD01EA2730E0048A01A /* VideoModel.swift */,
			);
			path = finedu;
			sourceTree = "<group>";
		};
		1136A70B1E78552100B97FE0 /* Frameworks */ = {
			isa = PBXGroup;
			children = (
				1136A70C1E78552100B97FE0 /* QuartzCore.framework */,
				F2D230454B328840E819D2C5 /* Pods_finedu.framework */,
			);
			name = Frameworks;
			sourceTree = "<group>";
		};
		A2A1672A892BAA8DEA2B7B0C /* Pods */ = {
			isa = PBXGroup;
			children = (
				CCA05514BE01B052F539AB7A /* Pods-finedu.debug.xcconfig */,
				2AA202AD711B06DECD532309 /* Pods-finedu.release.xcconfig */,
			);
			name = Pods;
			sourceTree = "<group>";
		};
/* End PBXGroup section */

/* Begin PBXNativeTarget section */
		112F30E51E75483E00D31EA8 /* finedu */ = {
			isa = PBXNativeTarget;
			buildConfigurationList = 112F30F81E75483E00D31EA8 /* Build configuration list for PBXNativeTarget "finedu" */;
			buildPhases = (
				A817ED7F043CBCF590E0385D /* [CP] Check Pods Manifest.lock */,
				112F30E21E75483E00D31EA8 /* Sources */,
				112F30E31E75483E00D31EA8 /* Frameworks */,
				112F30E41E75483E00D31EA8 /* Resources */,
				D79ACF3FD4F40FCA19B0C948 /* [CP] Embed Pods Frameworks */,
				A3F97A60A9F4D27429C23595 /* [CP] Copy Pods Resources */,
			);
			buildRules = (
			);
			dependencies = (
			);
			name = finedu;
			productName = finedu;
			productReference = 112F30E61E75483E00D31EA8 /* FinEdu by WMI.app */;
			productType = "com.apple.product-type.application";
		};
/* End PBXNativeTarget section */

/* Begin PBXProject section */
		112F30DE1E75483E00D31EA8 /* Project object */ = {
			isa = PBXProject;
			attributes = {
				LastSwiftUpdateCheck = 0820;
				LastUpgradeCheck = 0820;
				ORGANIZATIONNAME = WMI;
				TargetAttributes = {
					112F30E51E75483E00D31EA8 = {
						CreatedOnToolsVersion = 8.2.1;
						DevelopmentTeam = DX55GF66M8;
						ProvisioningStyle = Automatic;
					};
				};
			};
			buildConfigurationList = 112F30E11E75483E00D31EA8 /* Build configuration list for PBXProject "finedu" */;
			compatibilityVersion = "Xcode 3.2";
			developmentRegion = English;
			hasScannedForEncodings = 0;
			knownRegions = (
				en,
				Base,
			);
			mainGroup = 112F30DD1E75483E00D31EA8;
			productRefGroup = 112F30E71E75483E00D31EA8 /* Products */;
			projectDirPath = "";
			projectRoot = "";
			targets = (
				112F30E51E75483E00D31EA8 /* finedu */,
			);
		};
/* End PBXProject section */

/* Begin PBXResourcesBuildPhase section */
		112F30E41E75483E00D31EA8 /* Resources */ = {
			isa = PBXResourcesBuildPhase;
			buildActionMask = 2147483647;
			files = (
				112F30F41E75483E00D31EA8 /* LaunchScreen.storyboard in Resources */,
				1159FFB01E7D822A00511F95 /* loading.gif in Resources */,
				112F30F11E75483E00D31EA8 /* Assets.xcassets in Resources */,
				112F30EF1E75483E00D31EA8 /* Main.storyboard in Resources */,
			);
			runOnlyForDeploymentPostprocessing = 0;
		};
/* End PBXResourcesBuildPhase section */

/* Begin PBXShellScriptBuildPhase section */
		A3F97A60A9F4D27429C23595 /* [CP] Copy Pods Resources */ = {
			isa = PBXShellScriptBuildPhase;
			buildActionMask = 2147483647;
			files = (
			);
			inputPaths = (
			);
			name = "[CP] Copy Pods Resources";
			outputPaths = (
			);
			runOnlyForDeploymentPostprocessing = 0;
			shellPath = /bin/sh;
			shellScript = "\"${SRCROOT}/Pods/Target Support Files/Pods-finedu/Pods-finedu-resources.sh\"\n";
			showEnvVarsInLog = 0;
		};
		A817ED7F043CBCF590E0385D /* [CP] Check Pods Manifest.lock */ = {
			isa = PBXShellScriptBuildPhase;
			buildActionMask = 2147483647;
			files = (
			);
			inputPaths = (
			);
			name = "[CP] Check Pods Manifest.lock";
			outputPaths = (
			);
			runOnlyForDeploymentPostprocessing = 0;
			shellPath = /bin/sh;
			shellScript = "diff \"${PODS_PODFILE_DIR_PATH}/Podfile.lock\" \"${PODS_ROOT}/Manifest.lock\" > /dev/null\nif [ $? != 0 ] ; then\n    # print error to STDERR\n    echo \"error: The sandbox is not in sync with the Podfile.lock. Run 'pod install' or update your CocoaPods installation.\" >&2\n    exit 1\nfi\n";
			showEnvVarsInLog = 0;
		};
		D79ACF3FD4F40FCA19B0C948 /* [CP] Embed Pods Frameworks */ = {
			isa = PBXShellScriptBuildPhase;
			buildActionMask = 2147483647;
			files = (
			);
			inputPaths = (
			);
			name = "[CP] Embed Pods Frameworks";
			outputPaths = (
			);
			runOnlyForDeploymentPostprocessing = 0;
			shellPath = /bin/sh;
			shellScript = "\"${SRCROOT}/Pods/Target Support Files/Pods-finedu/Pods-finedu-frameworks.sh\"\n";
			showEnvVarsInLog = 0;
		};
/* End PBXShellScriptBuildPhase section */

/* Begin PBXSourcesBuildPhase section */
		112F30E21E75483E00D31EA8 /* Sources */ = {
			isa = PBXSourcesBuildPhase;
			buildActionMask = 2147483647;
			files = (
				112F31071E759E4D00D31EA8 /* HomeViewController.swift in Sources */,
				112F31091E759E4D00D31EA8 /* FinEduViewController.swift in Sources */,
				112F31081E759E4D00D31EA8 /* FinEduPageViewController.swift in Sources */,
				11662A531E7708AB00440972 /* iOSDevCenters+GIF.swift in Sources */,
				11342DD11EA2730E0048A01A /* VideoModel.swift in Sources */,
				112F30EA1E75483E00D31EA8 /* AppDelegate.swift in Sources */,
				112F310A1E759E4D00D31EA8 /* VideosViewController.swift in Sources */,
				11342DCE1EA25E030048A01A /* CommonUtils.swift in Sources */,
				112F31061E759E4D00D31EA8 /* AboutUsViewController.swift in Sources */,
			);
			runOnlyForDeploymentPostprocessing = 0;
		};
/* End PBXSourcesBuildPhase section */

/* Begin PBXVariantGroup section */
		112F30ED1E75483E00D31EA8 /* Main.storyboard */ = {
			isa = PBXVariantGroup;
			children = (
				112F30EE1E75483E00D31EA8 /* Base */,
			);
			name = Main.storyboard;
			sourceTree = "<group>";
		};
		112F30F21E75483E00D31EA8 /* LaunchScreen.storyboard */ = {
			isa = PBXVariantGroup;
			children = (
				112F30F31E75483E00D31EA8 /* Base */,
			);
			name = LaunchScreen.storyboard;
			sourceTree = "<group>";
		};
/* End PBXVariantGroup section */

/* Begin XCBuildConfiguration section */
		112F30F61E75483E00D31EA8 /* Debug */ = {
			isa = XCBuildConfiguration;
			buildSettings = {
				ALWAYS_SEARCH_USER_PATHS = NO;
				CLANG_ANALYZER_NONNULL = YES;
				CLANG_CXX_LANGUAGE_STANDARD = "gnu++0x";
				CLANG_CXX_LIBRARY = "libc++";
				CLANG_ENABLE_MODULES = YES;
				CLANG_ENABLE_OBJC_ARC = YES;
				CLANG_WARN_BOOL_CONVERSION = YES;
				CLANG_WARN_CONSTANT_CONVERSION = YES;
				CLANG_WARN_DIRECT_OBJC_ISA_USAGE = YES_ERROR;
				CLANG_WARN_DOCUMENTATION_COMMENTS = YES;
				CLANG_WARN_EMPTY_BODY = YES;
				CLANG_WARN_ENUM_CONVERSION = YES;
				CLANG_WARN_INFINITE_RECURSION = YES;
				CLANG_WARN_INT_CONVERSION = YES;
				CLANG_WARN_OBJC_ROOT_CLASS = YES_ERROR;
				CLANG_WARN_SUSPICIOUS_MOVE = YES;
				CLANG_WARN_UNREACHABLE_CODE = YES;
				CLANG_WARN__DUPLICATE_METHOD_MATCH = YES;
				"CODE_SIGN_IDENTITY[sdk=iphoneos*]" = "iPhone Developer";
				COPY_PHASE_STRIP = NO;
				DEBUG_INFORMATION_FORMAT = dwarf;
				ENABLE_STRICT_OBJC_MSGSEND = YES;
				ENABLE_TESTABILITY = YES;
				GCC_C_LANGUAGE_STANDARD = gnu99;
				GCC_DYNAMIC_NO_PIC = NO;
				GCC_NO_COMMON_BLOCKS = YES;
				GCC_OPTIMIZATION_LEVEL = 0;
				GCC_PREPROCESSOR_DEFINITIONS = (
					"DEBUG=1",
					"$(inherited)",
				);
				GCC_WARN_64_TO_32_BIT_CONVERSION = YES;
				GCC_WARN_ABOUT_RETURN_TYPE = YES_ERROR;
				GCC_WARN_UNDECLARED_SELECTOR = YES;
				GCC_WARN_UNINITIALIZED_AUTOS = YES_AGGRESSIVE;
				GCC_WARN_UNUSED_FUNCTION = YES;
				GCC_WARN_UNUSED_VARIABLE = YES;
				IPHONEOS_DEPLOYMENT_TARGET = 10.2;
				MTL_ENABLE_DEBUG_INFO = YES;
				ONLY_ACTIVE_ARCH = YES;
				SDKROOT = iphoneos;
				SWIFT_ACTIVE_COMPILATION_CONDITIONS = DEBUG;
				SWIFT_OPTIMIZATION_LEVEL = "-Onone";
			};
			name = Debug;
		};
		112F30F71E75483E00D31EA8 /* Release */ = {
			isa = XCBuildConfiguration;
			buildSettings = {
				ALWAYS_SEARCH_USER_PATHS = NO;
				CLANG_ANALYZER_NONNULL = YES;
				CLANG_CXX_LANGUAGE_STANDARD = "gnu++0x";
				CLANG_CXX_LIBRARY = "libc++";
				CLANG_ENABLE_MODULES = YES;
				CLANG_ENABLE_OBJC_ARC = YES;
				CLANG_WARN_BOOL_CONVERSION = YES;
				CLANG_WARN_CONSTANT_CONVERSION = YES;
				CLANG_WARN_DIRECT_OBJC_ISA_USAGE = YES_ERROR;
				CLANG_WARN_DOCUMENTATION_COMMENTS = YES;
				CLANG_WARN_EMPTY_BODY = YES;
				CLANG_WARN_ENUM_CONVERSION = YES;
				CLANG_WARN_INFINITE_RECURSION = YES;
				CLANG_WARN_INT_CONVERSION = YES;
				CLANG_WARN_OBJC_ROOT_CLASS = YES_ERROR;
				CLANG_WARN_SUSPICIOUS_MOVE = YES;
				CLANG_WARN_UNREACHABLE_CODE = YES;
				CLANG_WARN__DUPLICATE_METHOD_MATCH = YES;
				"CODE_SIGN_IDENTITY[sdk=iphoneos*]" = "iPhone Developer";
				COPY_PHASE_STRIP = NO;
				DEBUG_INFORMATION_FORMAT = "dwarf-with-dsym";
				ENABLE_NS_ASSERTIONS = NO;
				ENABLE_STRICT_OBJC_MSGSEND = YES;
				GCC_C_LANGUAGE_STANDARD = gnu99;
				GCC_NO_COMMON_BLOCKS = YES;
				GCC_WARN_64_TO_32_BIT_CONVERSION = YES;
				GCC_WARN_ABOUT_RETURN_TYPE = YES_ERROR;
				GCC_WARN_UNDECLARED_SELECTOR = YES;
				GCC_WARN_UNINITIALIZED_AUTOS = YES_AGGRESSIVE;
				GCC_WARN_UNUSED_FUNCTION = YES;
				GCC_WARN_UNUSED_VARIABLE = YES;
				IPHONEOS_DEPLOYMENT_TARGET = 10.2;
				MTL_ENABLE_DEBUG_INFO = NO;
				SDKROOT = iphoneos;
				SWIFT_OPTIMIZATION_LEVEL = "-Owholemodule";
				VALIDATE_PRODUCT = YES;
			};
			name = Release;
		};
		112F30F91E75483E00D31EA8 /* Debug */ = {
			isa = XCBuildConfiguration;
			baseConfigurationReference = CCA05514BE01B052F539AB7A /* Pods-finedu.debug.xcconfig */;
			buildSettings = {
				ASSETCATALOG_COMPILER_APPICON_NAME = "AppIcon-1";
				DEVELOPMENT_TEAM = DX55GF66M8;
				INFOPLIST_FILE = finedu/Info.plist;
				IPHONEOS_DEPLOYMENT_TARGET = 10.0;
				LD_RUNPATH_SEARCH_PATHS = "$(inherited) @executable_path/Frameworks";
				PRODUCT_BUNDLE_IDENTIFIER = com.wmi.finedu;
				PRODUCT_NAME = "FinEdu by WMI";
				SWIFT_VERSION = 3.0;
				TARGETED_DEVICE_FAMILY = "1,2";
			};
			name = Debug;
		};
		112F30FA1E75483E00D31EA8 /* Release */ = {
			isa = XCBuildConfiguration;
			baseConfigurationReference = 2AA202AD711B06DECD532309 /* Pods-finedu.release.xcconfig */;
			buildSettings = {
				ASSETCATALOG_COMPILER_APPICON_NAME = "AppIcon-1";
				DEVELOPMENT_TEAM = DX55GF66M8;
				INFOPLIST_FILE = finedu/Info.plist;
				IPHONEOS_DEPLOYMENT_TARGET = 10.0;
				LD_RUNPATH_SEARCH_PATHS = "$(inherited) @executable_path/Frameworks";
				PRODUCT_BUNDLE_IDENTIFIER = com.wmi.finedu;
				PRODUCT_NAME = "FinEdu by WMI";
				SWIFT_VERSION = 3.0;
				TARGETED_DEVICE_FAMILY = "1,2";
			};
			name = Release;
		};
/* End XCBuildConfiguration section */

/* Begin XCConfigurationList section */
		112F30E11E75483E00D31EA8 /* Build configuration list for PBXProject "finedu" */ = {
			isa = XCConfigurationList;
			buildConfigurations = (
				112F30F61E75483E00D31EA8 /* Debug */,
				112F30F71E75483E00D31EA8 /* Release */,
			);
			defaultConfigurationIsVisible = 0;
			defaultConfigurationName = Release;
		};
		112F30F81E75483E00D31EA8 /* Build configuration list for PBXNativeTarget "finedu" */ = {
			isa = XCConfigurationList;
			buildConfigurations = (
				112F30F91E75483E00D31EA8 /* Debug */,
				112F30FA1E75483E00D31EA8 /* Release */,
			);
			defaultConfigurationIsVisible = 0;
			defaultConfigurationName = Release;
		};
/* End XCConfigurationList section */
	};
	rootObject = 112F30DE1E75483E00D31EA8 /* Project object */;
}
